
Microsoft Visual Studio Solution File, Format Version 12.00
# Visual Studio Version 17
VisualStudioVersion = 17.7.34031.279
MinimumVisualStudioVersion = 10.0.40219.1
Project("{9A19103F-16F7-4668-BE54-9A1E7A4F7556}") = "StaffSightAPI", "StaffSightAPI\StaffSightAPI.csproj", "{60A169D3-0BA4-49CD-8F1F-2E2F01B87A8E}"
EndProject
Project("{2150E333-8FDC-42A3-9474-1A3956D46DE8}") = "Solution Items", "Solution Items", "{F72E13E9-237E-43D6-820F-46278C0D7FAA}"
	ProjectSection(SolutionItems) = preProject
		.editorconfig = .editorconfig
	EndProjectSection
EndProject
Global
	GlobalSection(SolutionConfigurationPlatforms) = preSolution
		Debug|Any CPU = Debug|Any CPU
		Release|Any CPU = Release|Any CPU
	EndGlobalSection
	GlobalSection(ProjectConfigurationPlatforms) = postSolution
		{60A169D3-0BA4-49CD-8F1F-2E2F01B87A8E}.Debug|Any CPU.ActiveCfg = Debug|Any CPU
		{60A169D3-0BA4-49CD-8F1F-2E2F01B87A8E}.Debug|Any CPU.Build.0 = Debug|Any CPU
		{60A169D3-0BA4-49CD-8F1F-2E2F01B87A8E}.Release|Any CPU.ActiveCfg = Release|Any CPU
		{60A169D3-0BA4-49CD-8F1F-2E2F01B87A8E}.Release|Any CPU.Build.0 = Release|Any CPU
	EndGlobalSection
	GlobalSection(SolutionProperties) = preSolution
		HideSolutionNode = FALSE
	EndGlobalSection
	GlobalSection(ExtensibilityGlobals) = postSolution
		SolutionGuid = {4B1693DB-E586-423E-B2F3-E3DA6EF2D4C3}
	EndGlobalSection
EndGlobal
